
Microsoft Visual Studio Solution File, Format Version 12.00
# Visual Studio Version 17
VisualStudioVersion = 17.7.34003.232
MinimumVisualStudioVersion = 10.0.40219.1
Project("{2150E333-8FDC-42A3-9474-1A3956D46DE8}") = "OctoDo.Server", "OctoDo.Server", "{B0C581C8-123A-43A6-8BF0-54BBC2CEA511}"
EndProject
Project("{2150E333-8FDC-42A3-9474-1A3956D46DE8}") = "OctoDo.Scheduling", "OctoDo.Scheduling", "{92AE903B-CD18-45C0-B8A2-0FE67B6EAF4D}"
EndProject
Project("{2150E333-8FDC-42A3-9474-1A3956D46DE8}") = "OctoDo.Client", "OctoDo.Client", "{83C0B072-5DBE-4295-8A22-959C954FAE02}"
EndProject
Project("{9A19103F-16F7-4668-BE54-9A1E7A4F7556}") = "OctoDo.Scheduling", "OctoDo.Scheduling\OctoDo.Scheduling.csproj", "{2C5C42DD-C02D-42E8-910E-3DA142981209}"
EndProject
Project("{9A19103F-16F7-4668-BE54-9A1E7A4F7556}") = "OctoDo.Server.Domain", "OctoDo.Server\OctoDo.Server.Domain\OctoDo.Server.Domain.csproj", "{930A815F-A894-46CF-BA6A-B718859EBF2D}"
EndProject
Project("{9A19103F-16F7-4668-BE54-9A1E7A4F7556}") = "OctoDo.Server.Application", "OctoDo.Server\OctoDo.Server.Application\OctoDo.Server.Application.csproj", "{ACD19BD4-C65B-42FB-920D-B365AC9B64E3}"
EndProject
Project("{9A19103F-16F7-4668-BE54-9A1E7A4F7556}") = "OctoDo.Server.Contracts", "OctoDo.Server\OctoDo.Server.Contracts\OctoDo.Server.Contracts.csproj", "{A55CAF30-74C2-448B-AB49-4FAFFCF4EBB3}"
EndProject
Project("{9A19103F-16F7-4668-BE54-9A1E7A4F7556}") = "OctoDo.Server.Infrastructure", "OctoDo.Server\OctoDo.Server.Infrastructure\OctoDo.Server.Infrastructure.csproj", "{7F5407D4-A9C4-4611-A2F9-0D6EA0341FFD}"
EndProject
Project("{9A19103F-16F7-4668-BE54-9A1E7A4F7556}") = "OctoDo.Server.Api", "OctoDo.Server\OctoDo.Server.Api\OctoDo.Server.Api.csproj", "{6FA3A407-A86D-4E73-8CAC-A6FA3108357F}"
EndProject
Project("{9A19103F-16F7-4668-BE54-9A1E7A4F7556}") = "OctoDo.Client.Core", "OctoDo.Client\OctoDo.Client.Core\OctoDo.Client.Core.csproj", "{346CD072-C50B-4CE2-962D-74568C53E3E2}"
EndProject
Project("{9A19103F-16F7-4668-BE54-9A1E7A4F7556}") = "OctoDo.Client.Infrastructure", "OctoDo.Client\OctoDo.Client.Infrastructure\OctoDo.Client.Infrastructure.csproj", "{2A0C083E-30C0-41A2-A1E7-AFB1930901D6}"
EndProject
Project("{9A19103F-16F7-4668-BE54-9A1E7A4F7556}") = "OctoDo.Client.Presentation", "OctoDo.Client\OctoDo.Client.Presentation\OctoDo.Client.Presentation.csproj", "{E88937C6-A4AA-4DE1-9A7B-653AAA747F05}"
EndProject
Project("{2150E333-8FDC-42A3-9474-1A3956D46DE8}") = "OctoDo.Authentication", "OctoDo.Authentication", "{93C48AEA-16A0-4232-8F2D-33D13BCF490B}"
EndProject
Project("{FAE04EC0-301F-11D3-BF4B-00C04F79EFBC}") = "OctoDo.Authentication", "OctoDo.Authentication\OctoDo.Authentication.csproj", "{16B1CA0D-5790-42ED-BB48-ACF6DEBAB0A5}"
EndProject
Global
	GlobalSection(SolutionConfigurationPlatforms) = preSolution
		Debug|Any CPU = Debug|Any CPU
		Release|Any CPU = Release|Any CPU
	EndGlobalSection
	GlobalSection(ProjectConfigurationPlatforms) = postSolution
		{2C5C42DD-C02D-42E8-910E-3DA142981209}.Debug|Any CPU.ActiveCfg = Debug|Any CPU
		{2C5C42DD-C02D-42E8-910E-3DA142981209}.Debug|Any CPU.Build.0 = Debug|Any CPU
		{2C5C42DD-C02D-42E8-910E-3DA142981209}.Release|Any CPU.ActiveCfg = Release|Any CPU
		{2C5C42DD-C02D-42E8-910E-3DA142981209}.Release|Any CPU.Build.0 = Release|Any CPU
		{930A815F-A894-46CF-BA6A-B718859EBF2D}.Debug|Any CPU.ActiveCfg = Debug|Any CPU
		{930A815F-A894-46CF-BA6A-B718859EBF2D}.Debug|Any CPU.Build.0 = Debug|Any CPU
		{930A815F-A894-46CF-BA6A-B718859EBF2D}.Release|Any CPU.ActiveCfg = Release|Any CPU
		{930A815F-A894-46CF-BA6A-B718859EBF2D}.Release|Any CPU.Build.0 = Release|Any CPU
		{ACD19BD4-C65B-42FB-920D-B365AC9B64E3}.Debug|Any CPU.ActiveCfg = Debug|Any CPU
		{ACD19BD4-C65B-42FB-920D-B365AC9B64E3}.Debug|Any CPU.Build.0 = Debug|Any CPU
		{ACD19BD4-C65B-42FB-920D-B365AC9B64E3}.Release|Any CPU.ActiveCfg = Release|Any CPU
		{ACD19BD4-C65B-42FB-920D-B365AC9B64E3}.Release|Any CPU.Build.0 = Release|Any CPU
		{A55CAF30-74C2-448B-AB49-4FAFFCF4EBB3}.Debug|Any CPU.ActiveCfg = Debug|Any CPU
		{A55CAF30-74C2-448B-AB49-4FAFFCF4EBB3}.Debug|Any CPU.Build.0 = Debug|Any CPU
		{A55CAF30-74C2-448B-AB49-4FAFFCF4EBB3}.Release|Any CPU.ActiveCfg = Release|Any CPU
		{A55CAF30-74C2-448B-AB49-4FAFFCF4EBB3}.Release|Any CPU.Build.0 = Release|Any CPU
		{7F5407D4-A9C4-4611-A2F9-0D6EA0341FFD}.Debug|Any CPU.ActiveCfg = Debug|Any CPU
		{7F5407D4-A9C4-4611-A2F9-0D6EA0341FFD}.Debug|Any CPU.Build.0 = Debug|Any CPU
		{7F5407D4-A9C4-4611-A2F9-0D6EA0341FFD}.Release|Any CPU.ActiveCfg = Release|Any CPU
		{7F5407D4-A9C4-4611-A2F9-0D6EA0341FFD}.Release|Any CPU.Build.0 = Release|Any CPU
		{6FA3A407-A86D-4E73-8CAC-A6FA3108357F}.Debug|Any CPU.ActiveCfg = Debug|Any CPU
		{6FA3A407-A86D-4E73-8CAC-A6FA3108357F}.Debug|Any CPU.Build.0 = Debug|Any CPU
		{6FA3A407-A86D-4E73-8CAC-A6FA3108357F}.Release|Any CPU.ActiveCfg = Release|Any CPU
		{6FA3A407-A86D-4E73-8CAC-A6FA3108357F}.Release|Any CPU.Build.0 = Release|Any CPU
		{346CD072-C50B-4CE2-962D-74568C53E3E2}.Debug|Any CPU.ActiveCfg = Debug|Any CPU
		{346CD072-C50B-4CE2-962D-74568C53E3E2}.Debug|Any CPU.Build.0 = Debug|Any CPU
		{346CD072-C50B-4CE2-962D-74568C53E3E2}.Release|Any CPU.ActiveCfg = Release|Any CPU
		{346CD072-C50B-4CE2-962D-74568C53E3E2}.Release|Any CPU.Build.0 = Release|Any CPU
		{2A0C083E-30C0-41A2-A1E7-AFB1930901D6}.Debug|Any CPU.ActiveCfg = Debug|Any CPU
		{2A0C083E-30C0-41A2-A1E7-AFB1930901D6}.Debug|Any CPU.Build.0 = Debug|Any CPU
		{2A0C083E-30C0-41A2-A1E7-AFB1930901D6}.Release|Any CPU.ActiveCfg = Release|Any CPU
		{2A0C083E-30C0-41A2-A1E7-AFB1930901D6}.Release|Any CPU.Build.0 = Release|Any CPU
		{E88937C6-A4AA-4DE1-9A7B-653AAA747F05}.Debug|Any CPU.ActiveCfg = Debug|Any CPU
		{E88937C6-A4AA-4DE1-9A7B-653AAA747F05}.Debug|Any CPU.Build.0 = Debug|Any CPU
		{E88937C6-A4AA-4DE1-9A7B-653AAA747F05}.Debug|Any CPU.Deploy.0 = Debug|Any CPU
		{E88937C6-A4AA-4DE1-9A7B-653AAA747F05}.Release|Any CPU.ActiveCfg = Release|Any CPU
		{E88937C6-A4AA-4DE1-9A7B-653AAA747F05}.Release|Any CPU.Build.0 = Release|Any CPU
		{E88937C6-A4AA-4DE1-9A7B-653AAA747F05}.Release|Any CPU.Deploy.0 = Release|Any CPU
		{16B1CA0D-5790-42ED-BB48-ACF6DEBAB0A5}.Debug|Any CPU.ActiveCfg = Debug|Any CPU
		{16B1CA0D-5790-42ED-BB48-ACF6DEBAB0A5}.Debug|Any CPU.Build.0 = Debug|Any CPU
		{16B1CA0D-5790-42ED-BB48-ACF6DEBAB0A5}.Release|Any CPU.ActiveCfg = Release|Any CPU
		{16B1CA0D-5790-42ED-BB48-ACF6DEBAB0A5}.Release|Any CPU.Build.0 = Release|Any CPU
	EndGlobalSection
	GlobalSection(SolutionProperties) = preSolution
		HideSolutionNode = FALSE
	EndGlobalSection
	GlobalSection(NestedProjects) = preSolution
		{2C5C42DD-C02D-42E8-910E-3DA142981209} = {92AE903B-CD18-45C0-B8A2-0FE67B6EAF4D}
		{930A815F-A894-46CF-BA6A-B718859EBF2D} = {B0C581C8-123A-43A6-8BF0-54BBC2CEA511}
		{ACD19BD4-C65B-42FB-920D-B365AC9B64E3} = {B0C581C8-123A-43A6-8BF0-54BBC2CEA511}
		{A55CAF30-74C2-448B-AB49-4FAFFCF4EBB3} = {B0C581C8-123A-43A6-8BF0-54BBC2CEA511}
		{7F5407D4-A9C4-4611-A2F9-0D6EA0341FFD} = {B0C581C8-123A-43A6-8BF0-54BBC2CEA511}
		{6FA3A407-A86D-4E73-8CAC-A6FA3108357F} = {B0C581C8-123A-43A6-8BF0-54BBC2CEA511}
		{346CD072-C50B-4CE2-962D-74568C53E3E2} = {83C0B072-5DBE-4295-8A22-959C954FAE02}
		{2A0C083E-30C0-41A2-A1E7-AFB1930901D6} = {83C0B072-5DBE-4295-8A22-959C954FAE02}
		{E88937C6-A4AA-4DE1-9A7B-653AAA747F05} = {83C0B072-5DBE-4295-8A22-959C954FAE02}
		{16B1CA0D-5790-42ED-BB48-ACF6DEBAB0A5} = {93C48AEA-16A0-4232-8F2D-33D13BCF490B}
	EndGlobalSection
	GlobalSection(ExtensibilityGlobals) = postSolution
		SolutionGuid = {F28DB38D-ED70-4B53-9C64-BCFBB6B718CB}
	EndGlobalSection
EndGlobal
