
Microsoft Visual Studio Solution File, Format Version 12.00
# Visual Studio Version 17
VisualStudioVersion = 17.0.31611.283
MinimumVisualStudioVersion = 10.0.40219.1
Project("{9A19103F-16F7-4668-BE54-9A1E7A4F7556}") = "OctoDo.Presentation", "OctoDo.Presentation\OctoDo.Presentation.csproj", "{D6BF8DE2-852D-4323-B5A1-9E8DBC97136B}"
EndProject
Project("{9A19103F-16F7-4668-BE54-9A1E7A4F7556}") = "OctoDo.Domain", "OctoDo.Domain\OctoDo.Domain.csproj", "{FD9638AE-8301-4607-B005-52BBA8470F9B}"
EndProject
Project("{FAE04EC0-301F-11D3-BF4B-00C04F79EFBC}") = "OctoDo.Persistence", "OctoDo.Persistence\OctoDo.Persistence.csproj", "{184BB8D7-8EDD-4254-A380-92A53766EC87}"
EndProject
Global
	GlobalSection(SolutionConfigurationPlatforms) = preSolution
		Debug|Any CPU = Debug|Any CPU
		Release|Any CPU = Release|Any CPU
	EndGlobalSection
	GlobalSection(ProjectConfigurationPlatforms) = postSolution
		{D6BF8DE2-852D-4323-B5A1-9E8DBC97136B}.Debug|Any CPU.ActiveCfg = Debug|Any CPU
		{D6BF8DE2-852D-4323-B5A1-9E8DBC97136B}.Debug|Any CPU.Build.0 = Debug|Any CPU
		{D6BF8DE2-852D-4323-B5A1-9E8DBC97136B}.Debug|Any CPU.Deploy.0 = Debug|Any CPU
		{D6BF8DE2-852D-4323-B5A1-9E8DBC97136B}.Release|Any CPU.ActiveCfg = Release|Any CPU
		{D6BF8DE2-852D-4323-B5A1-9E8DBC97136B}.Release|Any CPU.Build.0 = Release|Any CPU
		{D6BF8DE2-852D-4323-B5A1-9E8DBC97136B}.Release|Any CPU.Deploy.0 = Release|Any CPU
		{FD9638AE-8301-4607-B005-52BBA8470F9B}.Debug|Any CPU.ActiveCfg = Debug|Any CPU
		{FD9638AE-8301-4607-B005-52BBA8470F9B}.Debug|Any CPU.Build.0 = Debug|Any CPU
		{FD9638AE-8301-4607-B005-52BBA8470F9B}.Release|Any CPU.ActiveCfg = Release|Any CPU
		{FD9638AE-8301-4607-B005-52BBA8470F9B}.Release|Any CPU.Build.0 = Release|Any CPU
		{184BB8D7-8EDD-4254-A380-92A53766EC87}.Debug|Any CPU.ActiveCfg = Debug|Any CPU
		{184BB8D7-8EDD-4254-A380-92A53766EC87}.Debug|Any CPU.Build.0 = Debug|Any CPU
		{184BB8D7-8EDD-4254-A380-92A53766EC87}.Release|Any CPU.ActiveCfg = Release|Any CPU
		{184BB8D7-8EDD-4254-A380-92A53766EC87}.Release|Any CPU.Build.0 = Release|Any CPU
	EndGlobalSection
	GlobalSection(SolutionProperties) = preSolution
		HideSolutionNode = FALSE
	EndGlobalSection
	GlobalSection(ExtensibilityGlobals) = postSolution
		SolutionGuid = {61F7FB11-1E47-470C-91E2-47F8143E1572}
	EndGlobalSection
EndGlobal
